
Microsoft Visual Studio Solution File, Format Version 12.00
# Visual Studio Version 17
VisualStudioVersion = 17.14.36414.22 d17.14
MinimumVisualStudioVersion = 10.0.40219.1
Project("{FAE04EC0-301F-11D3-BF4B-00C04F79EFBC}") = "Students", "Students\Students.csproj", "{6A4D0140-6A07-4A1B-B6E7-A531264BAB93}"
EndProject
Project("{FAE04EC0-301F-11D3-BF4B-00C04F79EFBC}") = "ConsoleStudents", "ConsoleStudents\ConsoleStudents.csproj", "{4AD5D8B7-11B5-40B5-99B2-C03D32E77E97}"
EndProject
Global
	GlobalSection(SolutionConfigurationPlatforms) = preSolution
		Debug|Any CPU = Debug|Any CPU
		Release|Any CPU = Release|Any CPU
	EndGlobalSection
	GlobalSection(ProjectConfigurationPlatforms) = postSolution
		{6A4D0140-6A07-4A1B-B6E7-A531264BAB93}.Debug|Any CPU.ActiveCfg = Debug|Any CPU
		{6A4D0140-6A07-4A1B-B6E7-A531264BAB93}.Debug|Any CPU.Build.0 = Debug|Any CPU
		{6A4D0140-6A07-4A1B-B6E7-A531264BAB93}.Release|Any CPU.ActiveCfg = Release|Any CPU
		{6A4D0140-6A07-4A1B-B6E7-A531264BAB93}.Release|Any CPU.Build.0 = Release|Any CPU
		{4AD5D8B7-11B5-40B5-99B2-C03D32E77E97}.Debug|Any CPU.ActiveCfg = Debug|Any CPU
		{4AD5D8B7-11B5-40B5-99B2-C03D32E77E97}.Debug|Any CPU.Build.0 = Debug|Any CPU
		{4AD5D8B7-11B5-40B5-99B2-C03D32E77E97}.Release|Any CPU.ActiveCfg = Release|Any CPU
		{4AD5D8B7-11B5-40B5-99B2-C03D32E77E97}.Release|Any CPU.Build.0 = Release|Any CPU
	EndGlobalSection
	GlobalSection(SolutionProperties) = preSolution
		HideSolutionNode = FALSE
	EndGlobalSection
	GlobalSection(ExtensibilityGlobals) = postSolution
		SolutionGuid = {784F5E2C-35D0-47A5-9A13-944980C8DB2E}
	EndGlobalSection
EndGlobal
